
Microsoft Visual Studio Solution File, Format Version 12.00
# Visual Studio Version 16
VisualStudioVersion = 16.0.29519.181
MinimumVisualStudioVersion = 10.0.40219.1
Project("{FAE04EC0-301F-11D3-BF4B-00C04F79EFBC}") = "MvcStok", "MvcStok\MvcStok.csproj", "{8AF16EA2-B74B-4755-A00D-1E066D237EC0}"
EndProject
Global
	GlobalSection(SolutionConfigurationPlatforms) = preSolution
		Debug|Any CPU = Debug|Any CPU
		Release|Any CPU = Release|Any CPU
	EndGlobalSection
	GlobalSection(ProjectConfigurationPlatforms) = postSolution
		{8AF16EA2-B74B-4755-A00D-1E066D237EC0}.Debug|Any CPU.ActiveCfg = Debug|Any CPU
		{8AF16EA2-B74B-4755-A00D-1E066D237EC0}.Debug|Any CPU.Build.0 = Debug|Any CPU
		{8AF16EA2-B74B-4755-A00D-1E066D237EC0}.Release|Any CPU.ActiveCfg = Release|Any CPU
		{8AF16EA2-B74B-4755-A00D-1E066D237EC0}.Release|Any CPU.Build.0 = Release|Any CPU
	EndGlobalSection
	GlobalSection(SolutionProperties) = preSolution
		HideSolutionNode = FALSE
	EndGlobalSection
	GlobalSection(ExtensibilityGlobals) = postSolution
		SolutionGuid = {D43BE409-EB81-408F-B5B4-AE2BD4D7F55F}
	EndGlobalSection
EndGlobal
